// !$*UTF8*$!
{
	archiveVersion = 1;
	classes = {
	};
	objectVersion = 46;
	objects = {

/* Begin PBXBuildFile section */
		81FDAEC31B942A39003DF9D0 /* AppDelegate.swift in Sources */ = {isa = PBXBuildFile; fileRef = 81FDAEC21B942A39003DF9D0 /* AppDelegate.swift */; };
		81FDAEC51B942A39003DF9D0 /* ViewController.swift in Sources */ = {isa = PBXBuildFile; fileRef = 81FDAEC41B942A39003DF9D0 /* ViewController.swift */; };
		81FDAEC81B942A39003DF9D0 /* Main.storyboard in Resources */ = {isa = PBXBuildFile; fileRef = 81FDAEC61B942A39003DF9D0 /* Main.storyboard */; };
		81FDAECA1B942A39003DF9D0 /* Images.xcassets in Resources */ = {isa = PBXBuildFile; fileRef = 81FDAEC91B942A39003DF9D0 /* Images.xcassets */; };
		81FDAECD1B942A39003DF9D0 /* LaunchScreen.xib in Resources */ = {isa = PBXBuildFile; fileRef = 81FDAECB1B942A39003DF9D0 /* LaunchScreen.xib */; };
		81FDAED91B942A39003DF9D0 /* PracMyNumberTests.swift in Sources */ = {isa = PBXBuildFile; fileRef = 81FDAED81B942A39003DF9D0 /* PracMyNumberTests.swift */; };
/* End PBXBuildFile section */

/* Begin PBXContainerItemProxy section */
		81FDAED31B942A39003DF9D0 /* PBXContainerItemProxy */ = {
			isa = PBXContainerItemProxy;
			containerPortal = 81FDAEB51B942A39003DF9D0 /* Project object */;
			proxyType = 1;
			remoteGlobalIDString = 81FDAEBC1B942A39003DF9D0;
			remoteInfo = PracMyNumber;
		};
/* End PBXContainerItemProxy section */

/* Begin PBXFileReference section */
		81FDAEBD1B942A39003DF9D0 /* PracMyNumber.app */ = {isa = PBXFileReference; explicitFileType = wrapper.application; includeInIndex = 0; path = PracMyNumber.app; sourceTree = BUILT_PRODUCTS_DIR; };
		81FDAEC11B942A39003DF9D0 /* Info.plist */ = {isa = PBXFileReference; lastKnownFileType = text.plist.xml; path = Info.plist; sourceTree = "<group>"; };
		81FDAEC21B942A39003DF9D0 /* AppDelegate.swift */ = {isa = PBXFileReference; lastKnownFileType = sourcecode.swift; path = AppDelegate.swift; sourceTree = "<group>"; };
		81FDAEC41B942A39003DF9D0 /* ViewController.swift */ = {isa = PBXFileReference; lastKnownFileType = sourcecode.swift; path = ViewController.swift; sourceTree = "<group>"; };
		81FDAEC71B942A39003DF9D0 /* Base */ = {isa = PBXFileReference; lastKnownFileType = file.storyboard; name = Base; path = Base.lproj/Main.storyboard; sourceTree = "<group>"; };
		81FDAEC91B942A39003DF9D0 /* Images.xcassets */ = {isa = PBXFileReference; lastKnownFileType = folder.assetcatalog; path = Images.xcassets; sourceTree = "<group>"; };
		81FDAECC1B942A39003DF9D0 /* Base */ = {isa = PBXFileReference; lastKnownFileType = file.xib; name = Base; path = Base.lproj/LaunchScreen.xib; sourceTree = "<group>"; };
		81FDAED21B942A39003DF9D0 /* PracMyNumberTests.xctest */ = {isa = PBXFileReference; explicitFileType = wrapper.cfbundle; includeInIndex = 0; path = PracMyNumberTests.xctest; sourceTree = BUILT_PRODUCTS_DIR; };
		81FDAED71B942A39003DF9D0 /* Info.plist */ = {isa = PBXFileReference; lastKnownFileType = text.plist.xml; path = Info.plist; sourceTree = "<group>"; };
		81FDAED81B942A39003DF9D0 /* PracMyNumberTests.swift */ = {isa = PBXFileReference; lastKnownFileType = sourcecode.swift; path = PracMyNumberTests.swift; sourceTree = "<group>"; };
/* End PBXFileReference section */

/* Begin PBXFrameworksBuildPhase section */
		81FDAEBA1B942A39003DF9D0 /* Frameworks */ = {
			isa = PBXFrameworksBuildPhase;
			buildActionMask = 2147483647;
			files = (
			);
			runOnlyForDeploymentPostprocessing = 0;
		};
		81FDAECF1B942A39003DF9D0 /* Frameworks */ = {
			isa = PBXFrameworksBuildPhase;
			buildActionMask = 2147483647;
			files = (
			);
			runOnlyForDeploymentPostprocessing = 0;
		};
/* End PBXFrameworksBuildPhase section */

/* Begin PBXGroup section */
		81FDAEB41B942A39003DF9D0 = {
			isa = PBXGroup;
			children = (
				81FDAEBF1B942A39003DF9D0 /* PracMyNumber */,
				81FDAED51B942A39003DF9D0 /* PracMyNumberTests */,
				81FDAEBE1B942A39003DF9D0 /* Products */,
			);
			sourceTree = "<group>";
		};
		81FDAEBE1B942A39003DF9D0 /* Products */ = {
			isa = PBXGroup;
			children = (
				81FDAEBD1B942A39003DF9D0 /* PracMyNumber.app */,
				81FDAED21B942A39003DF9D0 /* PracMyNumberTests.xctest */,
			);
			name = Products;
			sourceTree = "<group>";
		};
		81FDAEBF1B942A39003DF9D0 /* PracMyNumber */ = {
			isa = PBXGroup;
			children = (
				81FDAEC21B942A39003DF9D0 /* AppDelegate.swift */,
				81FDAEC41B942A39003DF9D0 /* ViewController.swift */,
				81FDAEC61B942A39003DF9D0 /* Main.storyboard */,
				81FDAEC91B942A39003DF9D0 /* Images.xcassets */,
				81FDAECB1B942A39003DF9D0 /* LaunchScreen.xib */,
				81FDAEC01B942A39003DF9D0 /* Supporting Files */,
			);
			path = PracMyNumber;
			sourceTree = "<group>";
		};
		81FDAEC01B942A39003DF9D0 /* Supporting Files */ = {
			isa = PBXGroup;
			children = (
				81FDAEC11B942A39003DF9D0 /* Info.plist */,
			);
			name = "Supporting Files";
			sourceTree = "<group>";
		};
		81FDAED51B942A39003DF9D0 /* PracMyNumberTests */ = {
			isa = PBXGroup;
			children = (
				81FDAED81B942A39003DF9D0 /* PracMyNumberTests.swift */,
				81FDAED61B942A39003DF9D0 /* Supporting Files */,
			);
			path = PracMyNumberTests;
			sourceTree = "<group>";
		};
		81FDAED61B942A39003DF9D0 /* Supporting Files */ = {
			isa = PBXGroup;
			children = (
				81FDAED71B942A39003DF9D0 /* Info.plist */,
			);
			name = "Supporting Files";
			sourceTree = "<group>";
		};
/* End PBXGroup section */

/* Begin PBXNativeTarget section */
		81FDAEBC1B942A39003DF9D0 /* PracMyNumber */ = {
			isa = PBXNativeTarget;
			buildConfigurationList = 81FDAEDC1B942A39003DF9D0 /* Build configuration list for PBXNativeTarget "PracMyNumber" */;
			buildPhases = (
				81FDAEB91B942A39003DF9D0 /* Sources */,
				81FDAEBA1B942A39003DF9D0 /* Frameworks */,
				81FDAEBB1B942A39003DF9D0 /* Resources */,
			);
			buildRules = (
			);
			dependencies = (
			);
			name = PracMyNumber;
			productName = PracMyNumber;
			productReference = 81FDAEBD1B942A39003DF9D0 /* PracMyNumber.app */;
			productType = "com.apple.product-type.application";
		};
		81FDAED11B942A39003DF9D0 /* PracMyNumberTests */ = {
			isa = PBXNativeTarget;
			buildConfigurationList = 81FDAEDF1B942A39003DF9D0 /* Build configuration list for PBXNativeTarget "PracMyNumberTests" */;
			buildPhases = (
				81FDAECE1B942A39003DF9D0 /* Sources */,
				81FDAECF1B942A39003DF9D0 /* Frameworks */,
				81FDAED01B942A39003DF9D0 /* Resources */,
			);
			buildRules = (
			);
			dependencies = (
				81FDAED41B942A39003DF9D0 /* PBXTargetDependency */,
			);
			name = PracMyNumberTests;
			productName = PracMyNumberTests;
			productReference = 81FDAED21B942A39003DF9D0 /* PracMyNumberTests.xctest */;
			productType = "com.apple.product-type.bundle.unit-test";
		};
/* End PBXNativeTarget section */

/* Begin PBXProject section */
		81FDAEB51B942A39003DF9D0 /* Project object */ = {
			isa = PBXProject;
			attributes = {
				LastUpgradeCheck = 0640;
				ORGANIZATIONNAME = landtanin;
				TargetAttributes = {
					81FDAEBC1B942A39003DF9D0 = {
						CreatedOnToolsVersion = 6.4;
					};
					81FDAED11B942A39003DF9D0 = {
						CreatedOnToolsVersion = 6.4;
						TestTargetID = 81FDAEBC1B942A39003DF9D0;
					};
				};
			};
			buildConfigurationList = 81FDAEB81B942A39003DF9D0 /* Build configuration list for PBXProject "PracMyNumber" */;
			compatibilityVersion = "Xcode 3.2";
			developmentRegion = English;
			hasScannedForEncodings = 0;
			knownRegions = (
				en,
				Base,
			);
			mainGroup = 81FDAEB41B942A39003DF9D0;
			productRefGroup = 81FDAEBE1B942A39003DF9D0 /* Products */;
			projectDirPath = "";
			projectRoot = "";
			targets = (
				81FDAEBC1B942A39003DF9D0 /* PracMyNumber */,
				81FDAED11B942A39003DF9D0 /* PracMyNumberTests */,
			);
		};
/* End PBXProject section */

/* Begin PBXResourcesBuildPhase section */
		81FDAEBB1B942A39003DF9D0 /* Resources */ = {
			isa = PBXResourcesBuildPhase;
			buildActionMask = 2147483647;
			files = (
				81FDAEC81B942A39003DF9D0 /* Main.storyboard in Resources */,
				81FDAECD1B942A39003DF9D0 /* LaunchScreen.xib in Resources */,
				81FDAECA1B942A39003DF9D0 /* Images.xcassets in Resources */,
			);
			runOnlyForDeploymentPostprocessing = 0;
		};
		81FDAED01B942A39003DF9D0 /* Resources */ = {
			isa = PBXResourcesBuildPhase;
			buildActionMask = 2147483647;
			files = (
			);
			runOnlyForDeploymentPostprocessing = 0;
		};
/* End PBXResourcesBuildPhase section */

/* Begin PBXSourcesBuildPhase section */
		81FDAEB91B942A39003DF9D0 /* Sources */ = {
			isa = PBXSourcesBuildPhase;
			buildActionMask = 2147483647;
			files = (
				81FDAEC51B942A39003DF9D0 /* ViewController.swift in Sources */,
				81FDAEC31B942A39003DF9D0 /* AppDelegate.swift in Sources */,
			);
			runOnlyForDeploymentPostprocessing = 0;
		};
		81FDAECE1B942A39003DF9D0 /* Sources */ = {
			isa = PBXSourcesBuildPhase;
			buildActionMask = 2147483647;
			files = (
				81FDAED91B942A39003DF9D0 /* PracMyNumberTests.swift in Sources */,
			);
			runOnlyForDeploymentPostprocessing = 0;
		};
/* End PBXSourcesBuildPhase section */

/* Begin PBXTargetDependency section */
		81FDAED41B942A39003DF9D0 /* PBXTargetDependency */ = {
			isa = PBXTargetDependency;
			target = 81FDAEBC1B942A39003DF9D0 /* PracMyNumber */;
			targetProxy = 81FDAED31B942A39003DF9D0 /* PBXContainerItemProxy */;
		};
/* End PBXTargetDependency section */

/* Begin PBXVariantGroup section */
		81FDAEC61B942A39003DF9D0 /* Main.storyboard */ = {
			isa = PBXVariantGroup;
			children = (
				81FDAEC71B942A39003DF9D0 /* Base */,
			);
			name = Main.storyboard;
			sourceTree = "<group>";
		};
		81FDAECB1B942A39003DF9D0 /* LaunchScreen.xib */ = {
			isa = PBXVariantGroup;
			children = (
				81FDAECC1B942A39003DF9D0 /* Base */,
			);
			name = LaunchScreen.xib;
			sourceTree = "<group>";
		};
/* End PBXVariantGroup section */

/* Begin XCBuildConfiguration section */
		81FDAEDA1B942A39003DF9D0 /* Debug */ = {
			isa = XCBuildConfiguration;
			buildSettings = {
				ALWAYS_SEARCH_USER_PATHS = NO;
				CLANG_CXX_LANGUAGE_STANDARD = "gnu++0x";
				CLANG_CXX_LIBRARY = "libc++";
				CLANG_ENABLE_MODULES = YES;
				CLANG_ENABLE_OBJC_ARC = YES;
				CLANG_WARN_BOOL_CONVERSION = YES;
				CLANG_WARN_CONSTANT_CONVERSION = YES;
				CLANG_WARN_DIRECT_OBJC_ISA_USAGE = YES_ERROR;
				CLANG_WARN_EMPTY_BODY = YES;
				CLANG_WARN_ENUM_CONVERSION = YES;
				CLANG_WARN_INT_CONVERSION = YES;
				CLANG_WARN_OBJC_ROOT_CLASS = YES_ERROR;
				CLANG_WARN_UNREACHABLE_CODE = YES;
				CLANG_WARN__DUPLICATE_METHOD_MATCH = YES;
				"CODE_SIGN_IDENTITY[sdk=iphoneos*]" = "iPhone Developer";
				COPY_PHASE_STRIP = NO;
				DEBUG_INFORMATION_FORMAT = "dwarf-with-dsym";
				ENABLE_STRICT_OBJC_MSGSEND = YES;
				GCC_C_LANGUAGE_STANDARD = gnu99;
				GCC_DYNAMIC_NO_PIC = NO;
				GCC_NO_COMMON_BLOCKS = YES;
				GCC_OPTIMIZATION_LEVEL = 0;
				GCC_PREPROCESSOR_DEFINITIONS = (
					"DEBUG=1",
					"$(inherited)",
				);
				GCC_SYMBOLS_PRIVATE_EXTERN = NO;
				GCC_WARN_64_TO_32_BIT_CONVERSION = YES;
				GCC_WARN_ABOUT_RETURN_TYPE = YES_ERROR;
				GCC_WARN_UNDECLARED_SELECTOR = YES;
				GCC_WARN_UNINITIALIZED_AUTOS = YES_AGGRESSIVE;
				GCC_WARN_UNUSED_FUNCTION = YES;
				GCC_WARN_UNUSED_VARIABLE = YES;
				IPHONEOS_DEPLOYMENT_TARGET = 8.4;
				MTL_ENABLE_DEBUG_INFO = YES;
				ONLY_ACTIVE_ARCH = YES;
				SDKROOT = iphoneos;
				SWIFT_OPTIMIZATION_LEVEL = "-Onone";
				TARGETED_DEVICE_FAMILY = "1,2";
			};
			name = Debug;
		};
		81FDAEDB1B942A39003DF9D0 /* Release */ = {
			isa = XCBuildConfiguration;
			buildSettings = {
				ALWAYS_SEARCH_USER_PATHS = NO;
				CLANG_CXX_LANGUAGE_STANDARD = "gnu++0x";
				CLANG_CXX_LIBRARY = "libc++";
				CLANG_ENABLE_MODULES = YES;
				CLANG_ENABLE_OBJC_ARC = YES;
				CLANG_WARN_BOOL_CONVERSION = YES;
				CLANG_WARN_CONSTANT_CONVERSION = YES;
				CLANG_WARN_DIRECT_OBJC_ISA_USAGE = YES_ERROR;
				CLANG_WARN_EMPTY_BODY = YES;
				CLANG_WARN_ENUM_CONVERSION = YES;
				CLANG_WARN_INT_CONVERSION = YES;
				CLANG_WARN_OBJC_ROOT_CLASS = YES_ERROR;
				CLANG_WARN_UNREACHABLE_CODE = YES;
				CLANG_WARN__DUPLICATE_METHOD_MATCH = YES;
				"CODE_SIGN_IDENTITY[sdk=iphoneos*]" = "iPhone Developer";
				COPY_PHASE_STRIP = NO;
				DEBUG_INFORMATION_FORMAT = "dwarf-with-dsym";
				ENABLE_NS_ASSERTIONS = NO;
				ENABLE_STRICT_OBJC_MSGSEND = YES;
				GCC_C_LANGUAGE_STANDARD = gnu99;
				GCC_NO_COMMON_BLOCKS = YES;
				GCC_WARN_64_TO_32_BIT_CONVERSION = YES;
				GCC_WARN_ABOUT_RETURN_TYPE = YES_ERROR;
				GCC_WARN_UNDECLARED_SELECTOR = YES;
				GCC_WARN_UNINITIALIZED_AUTOS = YES_AGGRESSIVE;
				GCC_WARN_UNUSED_FUNCTION = YES;
				GCC_WARN_UNUSED_VARIABLE = YES;
				IPHONEOS_DEPLOYMENT_TARGET = 8.4;
				MTL_ENABLE_DEBUG_INFO = NO;
				SDKROOT = iphoneos;
				TARGETED_DEVICE_FAMILY = "1,2";
				VALIDATE_PRODUCT = YES;
			};
			name = Release;
		};
		81FDAEDD1B942A39003DF9D0 /* Debug */ = {
			isa = XCBuildConfiguration;
			buildSettings = {
				ASSETCATALOG_COMPILER_APPICON_NAME = AppIcon;
				INFOPLIST_FILE = PracMyNumber/Info.plist;
				LD_RUNPATH_SEARCH_PATHS = "$(inherited) @executable_path/Frameworks";
				PRODUCT_NAME = "$(TARGET_NAME)";
			};
			name = Debug;
		};
		81FDAEDE1B942A39003DF9D0 /* Release */ = {
			isa = XCBuildConfiguration;
			buildSettings = {
				ASSETCATALOG_COMPILER_APPICON_NAME = AppIcon;
				INFOPLIST_FILE = PracMyNumber/Info.plist;
				LD_RUNPATH_SEARCH_PATHS = "$(inherited) @executable_path/Frameworks";
				PRODUCT_NAME = "$(TARGET_NAME)";
			};
			name = Release;
		};
		81FDAEE01B942A39003DF9D0 /* Debug */ = {
			isa = XCBuildConfiguration;
			buildSettings = {
				BUNDLE_LOADER = "$(TEST_HOST)";
				FRAMEWORK_SEARCH_PATHS = (
					"$(SDKROOT)/Developer/Library/Frameworks",
					"$(inherited)",
				);
				GCC_PREPROCESSOR_DEFINITIONS = (
					"DEBUG=1",
					"$(inherited)",
				);
				INFOPLIST_FILE = PracMyNumberTests/Info.plist;
				LD_RUNPATH_SEARCH_PATHS = "$(inherited) @executable_path/Frameworks @loader_path/Frameworks";
				PRODUCT_NAME = "$(TARGET_NAME)";
				TEST_HOST = "$(BUILT_PRODUCTS_DIR)/PracMyNumber.app/PracMyNumber";
			};
			name = Debug;
		};
		81FDAEE11B942A39003DF9D0 /* Release */ = {
			isa = XCBuildConfiguration;
			buildSettings = {
				BUNDLE_LOADER = "$(TEST_HOST)";
				FRAMEWORK_SEARCH_PATHS = (
					"$(SDKROOT)/Developer/Library/Frameworks",
					"$(inherited)",
				);
				INFOPLIST_FILE = PracMyNumberTests/Info.plist;
				LD_RUNPATH_SEARCH_PATHS = "$(inherited) @executable_path/Frameworks @loader_path/Frameworks";
				PRODUCT_NAME = "$(TARGET_NAME)";
				TEST_HOST = "$(BUILT_PRODUCTS_DIR)/PracMyNumber.app/PracMyNumber";
			};
			name = Release;
		};
/* End XCBuildConfiguration section */

/* Begin XCConfigurationList section */
		81FDAEB81B942A39003DF9D0 /* Build configuration list for PBXProject "PracMyNumber" */ = {
			isa = XCConfigurationList;
			buildConfigurations = (
				81FDAEDA1B942A39003DF9D0 /* Debug */,
				81FDAEDB1B942A39003DF9D0 /* Release */,
			);
			defaultConfigurationIsVisible = 0;
			defaultConfigurationName = Release;
		};
		81FDAEDC1B942A39003DF9D0 /* Build configuration list for PBXNativeTarget "PracMyNumber" */ = {
			isa = XCConfigurationList;
			buildConfigurations = (
				81FDAEDD1B942A39003DF9D0 /* Debug */,
				81FDAEDE1B942A39003DF9D0 /* Release */,
			);
			defaultConfigurationIsVisible = 0;
		};
		81FDAEDF1B942A39003DF9D0 /* Build configuration list for PBXNativeTarget "PracMyNumberTests" */ = {
			isa = XCConfigurationList;
			buildConfigurations = (
				81FDAEE01B942A39003DF9D0 /* Debug */,
				81FDAEE11B942A39003DF9D0 /* Release */,
			);
			defaultConfigurationIsVisible = 0;
		};
/* End XCConfigurationList section */
	};
	rootObject = 81FDAEB51B942A39003DF9D0 /* Project object */;
}
